
Microsoft Visual Studio Solution File, Format Version 12.00
# Visual Studio Version 17
VisualStudioVersion = 17.12.35728.132
MinimumVisualStudioVersion = 10.0.40219.1
Project("{FAE04EC0-301F-11D3-BF4B-00C04F79EFBC}") = "C-Charp-Pro-HomeWork6-1", "C-Charp-Pro-HomeWork6-1\C-Charp-Pro-HomeWork6-1.csproj", "{A68F3FB9-5029-43DD-B8CE-495027DBFBE7}"
EndProject
Project("{FAE04EC0-301F-11D3-BF4B-00C04F79EFBC}") = "C-Charp-Pro-HomeWork6-2", "C-Charp-Pro-HomeWork6-2\C-Charp-Pro-HomeWork6-2.csproj", "{9346A77F-2AC1-4D6E-9561-10E4670FED84}"
EndProject
Global
	GlobalSection(SolutionConfigurationPlatforms) = preSolution
		Debug|Any CPU = Debug|Any CPU
		Release|Any CPU = Release|Any CPU
	EndGlobalSection
	GlobalSection(ProjectConfigurationPlatforms) = postSolution
		{A68F3FB9-5029-43DD-B8CE-495027DBFBE7}.Debug|Any CPU.ActiveCfg = Debug|Any CPU
		{A68F3FB9-5029-43DD-B8CE-495027DBFBE7}.Debug|Any CPU.Build.0 = Debug|Any CPU
		{A68F3FB9-5029-43DD-B8CE-495027DBFBE7}.Release|Any CPU.ActiveCfg = Release|Any CPU
		{A68F3FB9-5029-43DD-B8CE-495027DBFBE7}.Release|Any CPU.Build.0 = Release|Any CPU
		{9346A77F-2AC1-4D6E-9561-10E4670FED84}.Debug|Any CPU.ActiveCfg = Debug|Any CPU
		{9346A77F-2AC1-4D6E-9561-10E4670FED84}.Debug|Any CPU.Build.0 = Debug|Any CPU
		{9346A77F-2AC1-4D6E-9561-10E4670FED84}.Release|Any CPU.ActiveCfg = Release|Any CPU
		{9346A77F-2AC1-4D6E-9561-10E4670FED84}.Release|Any CPU.Build.0 = Release|Any CPU
	EndGlobalSection
	GlobalSection(SolutionProperties) = preSolution
		HideSolutionNode = FALSE
	EndGlobalSection
EndGlobal
